{
  "name": "crypto-wa",
  "version": "1.0.0",
  "lockfileVersion": 1,
  "requires": true,
  "dependencies": {
    "wasm-loader": {
      "version": "1.1.0",
      "resolved": "https://registry.npmjs.org/wasm-loader/-/wasm-loader-1.1.0.tgz",
      "integrity": "sha512-nAi6JfBvYNSJHSCeYz/iwcrL5Y11pSX/finBWSzxpTfxPy0cMue3qS0s7j8OMfYaDZB2CLsUc/2OE/YzqBL8nw==",
      "dev": true
    }
  }
}
